<?xml version="1.0" encoding="utf-8"?>
<Project ToolsVersion="4.0" xmlns="http://schemas.microsoft.com/developer/msbuild/2003">
  <ItemGroup>
    <ClCompile Include=".././libretro.c" />
    <ClCompile Include=".././lutro.c" />
    <ClCompile Include=".././runtime.c" />
    <ClCompile Include=".././image.c" />
    <ClCompile Include=".././graphics.c" />
    <ClCompile Include=".././input.c" />
    <ClCompile Include=".././audio.c" />
    <ClCompile Include=".././decoder.c" />
    <ClCompile Include=".././event.c" />
    <ClCompile Include=".././keyboard.c" />
    <ClCompile Include=".././sound.c" />
    <ClCompile Include=".././filesystem.c" />
    <ClCompile Include=".././system.c" />
    <ClCompile Include=".././timer.c" />
    <ClCompile Include=".././lutro_math.c" />
    <ClCompile Include=".././joystick.c" />
    <ClCompile Include=".././mouse.c" />
    <ClCompile Include=".././lutro_window.c" />
    <ClCompile Include=".././painter.c" />
    <ClCompile Include=".././libretro-common/file/file_path.c" />
    <ClCompile Include=".././libretro-common/features/features_cpu.c" />
    <ClCompile Include=".././libretro-common/audio/conversion/float_to_s16.c" />
    <ClCompile Include=".././libretro-common/audio/conversion/s16_to_float.c" />
    <ClCompile Include=".././libretro-common/audio/audio_mix.c" />
    <ClCompile Include=".././libretro-common/compat/compat_posix_string.c" />
    <ClCompile Include=".././libretro-common/memmap/memmap.c" />
    <ClCompile Include=".././libretro-common/compat/compat_strcasestr.c" />
    <ClCompile Include=".././libretro-common/compat/compat_strl.c" />
    <ClCompile Include=".././libretro-common/encodings/encoding_utf.c" />
    <ClCompile Include=".././libretro-common/streams/file_stream.c" />
    <ClCompile Include=".././libretro-common/vfs/vfs_implementation.c" />
    <ClCompile Include=".././libretro-common/compat/fopen_utf8.c" />
    <ClCompile Include=".././deps/luautf8/lutf8lib.c" />
    <ClCompile Include=".././deps/zlib/ioapi.c" />
    <ClCompile Include=".././deps/zlib/compress.c" />
    <ClCompile Include=".././deps/zlib/deflate.c" />
    <ClCompile Include="msw-printf-stdout.cpp">
      <Filter>msw_fixups</Filter>
    </ClCompile>
    <ClCompile Include=".././deps/zlib/adler32.c">
      <Filter>zip</Filter>
    </ClCompile>
    <ClCompile Include=".././deps/zlib/crc32.c">
      <Filter>zip</Filter>
    </ClCompile>
    <ClCompile Include=".././deps/zlib/gzclose.c">
      <Filter>zip</Filter>
    </ClCompile>
    <ClCompile Include=".././deps/zlib/gzlib.c">
      <Filter>zip</Filter>
    </ClCompile>
    <ClCompile Include=".././deps/zlib/gzread.c">
      <Filter>zip</Filter>
    </ClCompile>
    <ClCompile Include=".././deps/zlib/gzwrite.c">
      <Filter>zip</Filter>
    </ClCompile>
    <ClCompile Include=".././deps/zlib/inffast.c">
      <Filter>zip</Filter>
    </ClCompile>
    <ClCompile Include=".././deps/zlib/inflate.c">
      <Filter>zip</Filter>
    </ClCompile>
    <ClCompile Include=".././deps/zlib/inftrees.c">
      <Filter>zip</Filter>
    </ClCompile>
    <ClCompile Include=".././deps/zlib/trees.c">
      <Filter>zip</Filter>
    </ClCompile>
    <ClCompile Include=".././deps/zlib/uncompr.c">
      <Filter>zip</Filter>
    </ClCompile>
    <ClCompile Include=".././deps/zlib/unzip.c">
      <Filter>zip</Filter>
    </ClCompile>
    <ClCompile Include=".././deps/zlib/zutil.c">
      <Filter>zip</Filter>
    </ClCompile>
    <ClCompile Include=".././lutro_stb_image.c" />
    <ClCompile Include=".././libretro-common/file/file_path_io.c" />
    <ClCompile Include=".././libretro-common/memmap/memalign.c" />
    <ClCompile Include=".././libretro-common/encodings/encoding_crc32.c" />
    <ClCompile Include=".././libretro-common/time/rtime.c" />
    <ClCompile Include=".././libretro-common/streams/trans_stream.c" />
    <ClCompile Include=".././libretro-common/streams/trans_stream_pipe.c" />
    <ClCompile Include=".././libretro-common/streams/interface_stream.c" />
    <ClCompile Include=".././libretro-common/streams/memory_stream.c" />
    <ClCompile Include=".././libretro-common/string/stdstring.c" />
  </ItemGroup>
  <ItemGroup>
    <Filter Include="msw_fixups">
      <UniqueIdentifier>{319cb567-2e5b-45dc-8f6c-8dc0d58def3c}</UniqueIdentifier>
    </Filter>
    <Filter Include="zip">
      <UniqueIdentifier>{51c9e21e-88aa-4263-9e34-5690f8d63a2e}</UniqueIdentifier>
    </Filter>
    <Filter Include="physfs">
      <UniqueIdentifier>{f4123f3d-989b-4f9b-9a6d-fee64abd84b1}</UniqueIdentifier>
    </Filter>
  </ItemGroup>
  <ItemGroup>
    <ClInclude Include=".././audio.h" />
    <ClInclude Include=".././audio_mixer.h" />
    <ClInclude Include=".././decoder.h" />
    <ClInclude Include=".././deps/lua/src/lapi.h" />
    <ClInclude Include=".././deps/lua/src/lauxlib.h" />
    <ClInclude Include=".././deps/lua/src/lcode.h" />
    <ClInclude Include=".././deps/lua/src/ldebug.h" />
    <ClInclude Include=".././deps/lua/src/ldo.h" />
    <ClInclude Include=".././deps/lua/src/lfunc.h" />
    <ClInclude Include=".././deps/lua/src/lgc.h" />
    <ClInclude Include=".././deps/lua/src/llex.h" />
    <ClInclude Include=".././deps/lua/src/llimits.h" />
    <ClInclude Include=".././deps/lua/src/lmem.h" />
    <ClInclude Include=".././deps/lua/src/lobject.h" />
    <ClInclude Include=".././deps/lua/src/lopcodes.h" />
    <ClInclude Include=".././deps/lua/src/lparser.h" />
    <ClInclude Include=".././deps/lua/src/lstate.h" />
    <ClInclude Include=".././deps/lua/src/lstring.h" />
    <ClInclude Include=".././deps/lua/src/ltable.h" />
    <ClInclude Include=".././deps/lua/src/ltm.h" />
    <ClInclude Include=".././deps/lua/src/lua.h" />
    <ClInclude Include=".././deps/lua/src/luaconf.h" />
    <ClInclude Include=".././deps/lua/src/lualib.h" />
    <ClInclude Include=".././deps/lua/src/lundump.h" />
    <ClInclude Include=".././deps/lua/src/lvm.h" />
    <ClInclude Include=".././deps/lua/src/lzio.h" />
    <ClInclude Include=".././deps/luajit/dynasm/dasm_arm.h" />
    <ClInclude Include=".././deps/luajit/dynasm/dasm_mips.h" />
    <ClInclude Include=".././deps/luajit/dynasm/dasm_ppc.h" />
    <ClInclude Include=".././deps/luajit/dynasm/dasm_proto.h" />
    <ClInclude Include=".././deps/luajit/dynasm/dasm_x86.h" />
    <ClInclude Include=".././deps/luajit/src/host/buildvm.h" />
    <ClInclude Include=".././deps/luajit/src/lauxlib.h" />
    <ClInclude Include=".././deps/luajit/src/lj_alloc.h" />
    <ClInclude Include=".././deps/luajit/src/lj_arch.h" />
    <ClInclude Include=".././deps/luajit/src/lj_asm.h" />
    <ClInclude Include=".././deps/luajit/src/lj_asm_arm.h" />
    <ClInclude Include=".././deps/luajit/src/lj_asm_mips.h" />
    <ClInclude Include=".././deps/luajit/src/lj_asm_ppc.h" />
    <ClInclude Include=".././deps/luajit/src/lj_asm_x86.h" />
    <ClInclude Include=".././deps/luajit/src/lj_bc.h" />
    <ClInclude Include=".././deps/luajit/src/lj_bcdump.h" />
    <ClInclude Include=".././deps/luajit/src/lj_carith.h" />
    <ClInclude Include=".././deps/luajit/src/lj_ccall.h" />
    <ClInclude Include=".././deps/luajit/src/lj_ccallback.h" />
    <ClInclude Include=".././deps/luajit/src/lj_cconv.h" />
    <ClInclude Include=".././deps/luajit/src/lj_cdata.h" />
    <ClInclude Include=".././deps/luajit/src/lj_char.h" />
    <ClInclude Include=".././deps/luajit/src/lj_clib.h" />
    <ClInclude Include=".././deps/luajit/src/lj_cparse.h" />
    <ClInclude Include=".././deps/luajit/src/lj_crecord.h" />
    <ClInclude Include=".././deps/luajit/src/lj_ctype.h" />
    <ClInclude Include=".././deps/luajit/src/lj_debug.h" />
    <ClInclude Include=".././deps/luajit/src/lj_def.h" />
    <ClInclude Include=".././deps/luajit/src/lj_dispatch.h" />
    <ClInclude Include=".././deps/luajit/src/lj_emit_arm.h" />
    <ClInclude Include=".././deps/luajit/src/lj_emit_mips.h" />
    <ClInclude Include=".././deps/luajit/src/lj_emit_ppc.h" />
    <ClInclude Include=".././deps/luajit/src/lj_emit_x86.h" />
    <ClInclude Include=".././deps/luajit/src/lj_err.h" />
    <ClInclude Include=".././deps/luajit/src/lj_errmsg.h" />
    <ClInclude Include=".././deps/luajit/src/lj_ff.h" />
    <ClInclude Include=".././deps/luajit/src/lj_ffrecord.h" />
    <ClInclude Include=".././deps/luajit/src/lj_frame.h" />
    <ClInclude Include=".././deps/luajit/src/lj_func.h" />
    <ClInclude Include=".././deps/luajit/src/lj_gc.h" />
    <ClInclude Include=".././deps/luajit/src/lj_gdbjit.h" />
    <ClInclude Include=".././deps/luajit/src/lj_ir.h" />
    <ClInclude Include=".././deps/luajit/src/lj_ircall.h" />
    <ClInclude Include=".././deps/luajit/src/lj_iropt.h" />
    <ClInclude Include=".././deps/luajit/src/lj_jit.h" />
    <ClInclude Include=".././deps/luajit/src/lj_lex.h" />
    <ClInclude Include=".././deps/luajit/src/lj_lib.h" />
    <ClInclude Include=".././deps/luajit/src/lj_mcode.h" />
    <ClInclude Include=".././deps/luajit/src/lj_meta.h" />
    <ClInclude Include=".././deps/luajit/src/lj_obj.h" />
    <ClInclude Include=".././deps/luajit/src/lj_parse.h" />
    <ClInclude Include=".././deps/luajit/src/lj_record.h" />
    <ClInclude Include=".././deps/luajit/src/lj_snap.h" />
    <ClInclude Include=".././deps/luajit/src/lj_state.h" />
    <ClInclude Include=".././deps/luajit/src/lj_str.h" />
    <ClInclude Include=".././deps/luajit/src/lj_strscan.h" />
    <ClInclude Include=".././deps/luajit/src/lj_tab.h" />
    <ClInclude Include=".././deps/luajit/src/lj_target.h" />
    <ClInclude Include=".././deps/luajit/src/lj_target_arm.h" />
    <ClInclude Include=".././deps/luajit/src/lj_target_mips.h" />
    <ClInclude Include=".././deps/luajit/src/lj_target_ppc.h" />
    <ClInclude Include=".././deps/luajit/src/lj_target_x86.h" />
    <ClInclude Include=".././deps/luajit/src/lj_trace.h" />
    <ClInclude Include=".././deps/luajit/src/lj_traceerr.h" />
    <ClInclude Include=".././deps/luajit/src/lj_udata.h" />
    <ClInclude Include=".././deps/luajit/src/lj_vm.h" />
    <ClInclude Include=".././deps/luajit/src/lj_vmevent.h" />
    <ClInclude Include=".././deps/luajit/src/lua.h" />
    <ClInclude Include=".././deps/luajit/src/luaconf.h" />
    <ClInclude Include=".././deps/luajit/src/luajit.h" />
    <ClInclude Include=".././deps/luajit/src/lualib.h" />
    <ClInclude Include=".././deps/luasocket/libluasocket/auxiliar.h" />
    <ClInclude Include=".././deps/luasocket/libluasocket/buffer.h" />
    <ClInclude Include=".././deps/luasocket/libluasocket/except.h" />
    <ClInclude Include=".././deps/luasocket/libluasocket/ftp.lua.h" />
    <ClInclude Include=".././deps/luasocket/libluasocket/http.lua.h" />
    <ClInclude Include=".././deps/luasocket/libluasocket/inet.h" />
    <ClInclude Include=".././deps/luasocket/libluasocket/io.h" />
    <ClInclude Include=".././deps/luasocket/libluasocket/ltn12.lua.h" />
    <ClInclude Include=".././deps/luasocket/libluasocket/lua.h" />
    <ClInclude Include=".././deps/luasocket/libluasocket/luasocket.h" />
    <ClInclude Include=".././deps/luasocket/libluasocket/mime.h" />
    <ClInclude Include=".././deps/luasocket/libluasocket/mime.lua.h" />
    <ClInclude Include=".././deps/luasocket/libluasocket/options.h" />
    <ClInclude Include=".././deps/luasocket/libluasocket/select.h" />
    <ClInclude Include=".././deps/luasocket/libluasocket/smtp.lua.h" />
    <ClInclude Include=".././deps/luasocket/libluasocket/socket.h" />
    <ClInclude Include=".././deps/luasocket/libluasocket/socket.lua.h" />
    <ClInclude Include=".././deps/luasocket/libluasocket/tcp.h" />
    <ClInclude Include=".././deps/luasocket/libluasocket/timeout.h" />
    <ClInclude Include=".././deps/luasocket/libluasocket/tp.lua.h" />
    <ClInclude Include=".././deps/luasocket/libluasocket/udp.h" />
    <ClInclude Include=".././deps/luasocket/libluasocket/unix.h" />
    <ClInclude Include=".././deps/luasocket/libluasocket/url.lua.h" />
    <ClInclude Include=".././deps/luasocket/libluasocket/usocket.h" />
    <ClInclude Include=".././deps/luasocket/libluasocket/wsocket.h" />
    <ClInclude Include=".././deps/luasocket/luasocket.h" />
    <ClInclude Include=".././deps/luautf8/lprefix.h" />
    <ClInclude Include=".././deps/luautf8/lutf8lib.h" />
    <ClInclude Include=".././deps/ogg/config_types.h" />
    <ClInclude Include=".././deps/ogg/ogg.h" />
    <ClInclude Include=".././deps/ogg/os_types.h" />
    <ClInclude Include=".././deps/utf8/utf8/checked.h" />
    <ClInclude Include=".././deps/utf8/utf8/core.h" />
    <ClInclude Include=".././deps/utf8/utf8/unchecked.h" />
    <ClInclude Include=".././deps/utf8/utf8.h" />
    <ClInclude Include=".././deps/vorbis/backends.h" />
    <ClInclude Include=".././deps/vorbis/bitrate.h" />
    <ClInclude Include=".././deps/vorbis/books/coupled/res_books_51.h" />
    <ClInclude Include=".././deps/vorbis/books/coupled/res_books_stereo.h" />
    <ClInclude Include=".././deps/vorbis/books/floor/floor_books.h" />
    <ClInclude Include=".././deps/vorbis/books/uncoupled/res_books_uncoupled.h" />
    <ClInclude Include=".././deps/vorbis/codebook.h" />
    <ClInclude Include=".././deps/vorbis/codec.h" />
    <ClInclude Include=".././deps/vorbis/codec_internal.h" />
    <ClInclude Include=".././deps/vorbis/envelope.h" />
    <ClInclude Include=".././deps/vorbis/highlevel.h" />
    <ClInclude Include=".././deps/vorbis/lookup.h" />
    <ClInclude Include=".././deps/vorbis/lookup_data.h" />
    <ClInclude Include=".././deps/vorbis/lpc.h" />
    <ClInclude Include=".././deps/vorbis/lsp.h" />
    <ClInclude Include=".././deps/vorbis/masking.h" />
    <ClInclude Include=".././deps/vorbis/mdct.h" />
    <ClInclude Include=".././deps/vorbis/misc.h" />
    <ClInclude Include=".././deps/vorbis/modes/floor_all.h" />
    <ClInclude Include=".././deps/vorbis/modes/psych_11.h" />
    <ClInclude Include=".././deps/vorbis/modes/psych_16.h" />
    <ClInclude Include=".././deps/vorbis/modes/psych_44.h" />
    <ClInclude Include=".././deps/vorbis/modes/psych_8.h" />
    <ClInclude Include=".././deps/vorbis/modes/residue_16.h" />
    <ClInclude Include=".././deps/vorbis/modes/residue_44.h" />
    <ClInclude Include=".././deps/vorbis/modes/residue_44p51.h" />
    <ClInclude Include=".././deps/vorbis/modes/residue_44u.h" />
    <ClInclude Include=".././deps/vorbis/modes/residue_8.h" />
    <ClInclude Include=".././deps/vorbis/modes/setup_11.h" />
    <ClInclude Include=".././deps/vorbis/modes/setup_16.h" />
    <ClInclude Include=".././deps/vorbis/modes/setup_22.h" />
    <ClInclude Include=".././deps/vorbis/modes/setup_32.h" />
    <ClInclude Include=".././deps/vorbis/modes/setup_44.h" />
    <ClInclude Include=".././deps/vorbis/modes/setup_44p51.h" />
    <ClInclude Include=".././deps/vorbis/modes/setup_44u.h" />
    <ClInclude Include=".././deps/vorbis/modes/setup_8.h" />
    <ClInclude Include=".././deps/vorbis/modes/setup_X.h" />
    <ClInclude Include=".././deps/vorbis/os.h" />
    <ClInclude Include=".././deps/vorbis/psy.h" />
    <ClInclude Include=".././deps/vorbis/registry.h" />
    <ClInclude Include=".././deps/vorbis/scales.h" />
    <ClInclude Include=".././deps/vorbis/smallft.h" />
    <ClInclude Include=".././deps/vorbis/vorbisenc.h" />
    <ClInclude Include=".././deps/vorbis/vorbisfile.h" />
    <ClInclude Include=".././deps/vorbis/window.h" />
    <ClInclude Include=".././deps/zlib/deflate.h" />
    <ClInclude Include=".././deps/zlib/gzfile.h" />
    <ClInclude Include=".././deps/zlib/gzguts.h" />
    <ClInclude Include=".././deps/zlib/inffast.h" />
    <ClInclude Include=".././deps/zlib/inffixed.h" />
    <ClInclude Include=".././deps/zlib/inflate.h" />
    <ClInclude Include=".././deps/zlib/inftrees.h" />
    <ClInclude Include=".././deps/zlib/ioapi.h" />
    <ClInclude Include=".././deps/zlib/trees.h" />
    <ClInclude Include=".././deps/zlib/unzip.h" />
    <ClInclude Include=".././deps/zlib/zconf.h" />
    <ClInclude Include=".././deps/zlib/zlib.h" />
    <ClInclude Include=".././deps/zlib/zutil.h" />
    <ClInclude Include=".././event.h" />
    <ClInclude Include=".././filesystem.h" />
    <ClInclude Include=".././graphics.h" />
    <ClInclude Include=".././image.h" />
    <ClInclude Include=".././input.h" />
    <ClInclude Include=".././joystick.h" />
    <ClInclude Include=".././keyboard.h" />
    <ClInclude Include=".././libretro-common/include/audio/audio_mix.h" />
    <ClInclude Include=".././libretro-common/include/audio/conversion/float_to_s16.h" />
    <ClInclude Include=".././libretro-common/include/audio/conversion/s16_to_float.h" />
    <ClInclude Include=".././libretro-common/include/boolean.h" />
    <ClInclude Include=".././libretro-common/include/clamping.h" />
    <ClInclude Include=".././libretro-common/include/compat/apple_compat.h" />
    <ClInclude Include=".././libretro-common/include/compat/fopen_utf8.h" />
    <ClInclude Include=".././libretro-common/include/compat/msvc/stdint.h" />
    <ClInclude Include=".././libretro-common/include/compat/msvc.h" />
    <ClInclude Include=".././libretro-common/include/compat/posix_string.h" />
    <ClInclude Include=".././libretro-common/include/compat/strcasestr.h" />
    <ClInclude Include=".././libretro-common/include/compat/strl.h" />
    <ClInclude Include=".././libretro-common/include/encodings/utf.h" />
    <ClInclude Include=".././libretro-common/include/features/features_cpu.h" />
    <ClInclude Include=".././libretro-common/include/file/file_path.h" />
    <ClInclude Include=".././libretro-common/include/libco.h" />
    <ClInclude Include=".././libretro-common/include/libretro.h" />
    <ClInclude Include=".././libretro-common/include/memmap.h" />
    <ClInclude Include=".././libretro-common/include/retro_assert.h" />
    <ClInclude Include=".././libretro-common/include/retro_common.h" />
    <ClInclude Include=".././libretro-common/include/retro_common_api.h" />
    <ClInclude Include=".././libretro-common/include/retro_endianness.h" />
    <ClInclude Include=".././libretro-common/include/retro_environment.h" />
    <ClInclude Include=".././libretro-common/include/retro_inline.h" />
    <ClInclude Include=".././libretro-common/include/retro_miscellaneous.h" />
    <ClInclude Include=".././libretro-common/include/streams/file_stream.h" />
    <ClInclude Include=".././libretro-common/include/string/stdstring.h" />
    <ClInclude Include=".././libretro-common/include/vfs/vfs.h" />
    <ClInclude Include=".././libretro-common/include/vfs/vfs_implementation.h" />
    <ClInclude Include=".././live.h" />
    <ClInclude Include=".././lutro.h" />
    <ClInclude Include=".././lutro_math.h" />
    <ClInclude Include=".././lutro_window.h" />
    <ClInclude Include=".././mouse.h" />
    <ClInclude Include=".././msbuild/fi-msw-buildconf.h" />
    <ClInclude Include=".././msbuild/fi-printf-redirect.h" />
    <ClInclude Include=".././painter.h" />
    <ClInclude Include=".././runtime.h" />
    <ClInclude Include=".././sound.h" />
    <ClInclude Include=".././system.h" />
    <ClInclude Include=".././timer.h" />
    <ClInclude Include=".././deps/physfs/physfs.h">
      <Filter>physfs</Filter>
    </ClInclude>
    <ClInclude Include=".././deps/physfs/physfs_casefolding.h">
      <Filter>physfs</Filter>
    </ClInclude>
    <ClInclude Include=".././deps/physfs/physfs_internal.h">
      <Filter>physfs</Filter>
    </ClInclude>
    <ClInclude Include=".././deps/physfs/physfs_lzmasdk.h">
      <Filter>physfs</Filter>
    </ClInclude>
    <ClInclude Include=".././deps/physfs/physfs_miniz.h">
      <Filter>physfs</Filter>
    </ClInclude>
    <ClInclude Include=".././deps/physfs/physfs_platforms.h">
      <Filter>physfs</Filter>
    </ClInclude>
    <ClInclude Include=".././deps/stb/stb_image.h" />
    <ClInclude Include=".././lutro_assert.h" />
    <ClInclude Include=".././lutro_stb_image.h" />
    <ClInclude Include=".././libretro-common/include/audio/audio_resampler.h" />
    <ClInclude Include=".././libretro-common/include/encodings/crc32.h" />
    <ClInclude Include=".././libretro-common/include/filters.h" />
    <ClInclude Include=".././libretro-common/include/formats/rwav.h" />
    <ClInclude Include=".././libretro-common/include/memalign.h" />
    <ClInclude Include=".././libretro-common/include/retro_math.h" />
    <ClInclude Include=".././libretro-common/include/retro_timers.h" />
    <ClInclude Include=".././libretro-common/include/streams/interface_stream.h" />
    <ClInclude Include=".././libretro-common/include/streams/memory_stream.h" />
    <ClInclude Include=".././libretro-common/include/streams/trans_stream.h" />
    <ClInclude Include=".././libretro-common/include/time/rtime.h" />
  </ItemGroup>
</Project>